
Microsoft Visual Studio Solution File, Format Version 12.00
# Visual Studio 15
VisualStudioVersion = 15.0.28010.2026
MinimumVisualStudioVersion = 10.0.40219.1
Project("{FAE04EC0-301F-11D3-BF4B-00C04F79EFBC}") = "GitTestEx1", "GitTestEx1\GitTestEx1.csproj", "{FC96366D-031D-449C-850B-F6E219364011}"
EndProject
Global
	GlobalSection(SolutionConfigurationPlatforms) = preSolution
		Debug|Any CPU = Debug|Any CPU
		Release|Any CPU = Release|Any CPU
	EndGlobalSection
	GlobalSection(ProjectConfigurationPlatforms) = postSolution
		{FC96366D-031D-449C-850B-F6E219364011}.Debug|Any CPU.ActiveCfg = Debug|Any CPU
		{FC96366D-031D-449C-850B-F6E219364011}.Debug|Any CPU.Build.0 = Debug|Any CPU
		{FC96366D-031D-449C-850B-F6E219364011}.Release|Any CPU.ActiveCfg = Release|Any CPU
		{FC96366D-031D-449C-850B-F6E219364011}.Release|Any CPU.Build.0 = Release|Any CPU
	EndGlobalSection
	GlobalSection(SolutionProperties) = preSolution
		HideSolutionNode = FALSE
	EndGlobalSection
	GlobalSection(ExtensibilityGlobals) = postSolution
		SolutionGuid = {9462D7F5-9C58-4AEE-8CD7-58D81A60430A}
	EndGlobalSection
EndGlobal
